
Microsoft Visual Studio Solution File, Format Version 12.00
# Visual Studio 15
VisualStudioVersion = 15.0.26430.15
MinimumVisualStudioVersion = 10.0.40219.1
Project("{FAE04EC0-301F-11D3-BF4B-00C04F79EFBC}") = "RS.Core.Api", "RS.Core.Api\RS.Core.Api.csproj", "{D62D5A1F-F005-42D8-9D6C-ADEA950B4A03}"
EndProject
Project("{FAE04EC0-301F-11D3-BF4B-00C04F79EFBC}") = "RS.Core.Tests", "RS.Core.Tests\RS.Core.Tests.csproj", "{B17C643B-4B1F-449F-B739-F527B5DF5DB8}"
EndProject
Project("{2150E333-8FDC-42A3-9474-1A3956D46DE8}") = "API", "API", "{55661EE8-835A-4807-B787-402E2942E37B}"
EndProject
Project("{2150E333-8FDC-42A3-9474-1A3956D46DE8}") = "Data", "Data", "{B4855852-8B45-4529-BC0C-0A83BA8CBC6D}"
EndProject
Project("{2150E333-8FDC-42A3-9474-1A3956D46DE8}") = "Domain", "Domain", "{5959C9BA-05E0-40E1-971F-8C55006F8A39}"
EndProject
Project("{2150E333-8FDC-42A3-9474-1A3956D46DE8}") = "Lib", "Lib", "{0B63BCA6-FBBA-442D-95E8-5D22CE7061B3}"
EndProject
Project("{2150E333-8FDC-42A3-9474-1A3956D46DE8}") = "Test", "Test", "{D33A0999-12D1-466B-9D15-DA3186F412EE}"
EndProject
Project("{FAE04EC0-301F-11D3-BF4B-00C04F79EFBC}") = "RS.Core.Data", "RS.Core.Data\RS.Core.Data.csproj", "{0FAED346-260C-4FF4-B150-A5B2ABF53727}"
EndProject
Project("{FAE04EC0-301F-11D3-BF4B-00C04F79EFBC}") = "RS.Core.Service", "RS.Core.Service\RS.Core.Service.csproj", "{BA4937A3-7EC5-4D98-A18A-E859714ACA13}"
EndProject
Project("{FAE04EC0-301F-11D3-BF4B-00C04F79EFBC}") = "RS.Core.Domain", "RS.Core.Domain\RS.Core.Domain.csproj", "{52E56ED6-85B6-436C-8EFC-70AFC4FBC8F2}"
EndProject
Project("{FAE04EC0-301F-11D3-BF4B-00C04F79EFBC}") = "RS.Core.Const", "RS.Core.Const\RS.Core.Const.csproj", "{E3C15176-CFAD-4D20-BB22-AEF26FBD2125}"
EndProject
Project("{FAE04EC0-301F-11D3-BF4B-00C04F79EFBC}") = "RS.Core.Testing", "RS.Core.Testing\RS.Core.Testing.csproj", "{ECFC8BD1-9982-4F7E-B041-1F5801DCA982}"
EndProject
Project("{FAE04EC0-301F-11D3-BF4B-00C04F79EFBC}") = "RS.Core.Lib", "RS.Core.Lib\RS.Core.Lib.csproj", "{DB122AFC-83BE-49F9-8D35-B9376FA8B045}"
EndProject
Project("{2150E333-8FDC-42A3-9474-1A3956D46DE8}") = "Service", "Service", "{F2F85533-DFD4-44B5-81E1-9039E3726C94}"
EndProject
Global
	GlobalSection(SolutionConfigurationPlatforms) = preSolution
		Debug|Any CPU = Debug|Any CPU
		Release|Any CPU = Release|Any CPU
	EndGlobalSection
	GlobalSection(ProjectConfigurationPlatforms) = postSolution
		{D62D5A1F-F005-42D8-9D6C-ADEA950B4A03}.Debug|Any CPU.ActiveCfg = Debug|Any CPU
		{D62D5A1F-F005-42D8-9D6C-ADEA950B4A03}.Debug|Any CPU.Build.0 = Debug|Any CPU
		{D62D5A1F-F005-42D8-9D6C-ADEA950B4A03}.Release|Any CPU.ActiveCfg = Release|Any CPU
		{D62D5A1F-F005-42D8-9D6C-ADEA950B4A03}.Release|Any CPU.Build.0 = Release|Any CPU
		{B17C643B-4B1F-449F-B739-F527B5DF5DB8}.Debug|Any CPU.ActiveCfg = Debug|Any CPU
		{B17C643B-4B1F-449F-B739-F527B5DF5DB8}.Debug|Any CPU.Build.0 = Debug|Any CPU
		{B17C643B-4B1F-449F-B739-F527B5DF5DB8}.Release|Any CPU.ActiveCfg = Release|Any CPU
		{B17C643B-4B1F-449F-B739-F527B5DF5DB8}.Release|Any CPU.Build.0 = Release|Any CPU
		{0FAED346-260C-4FF4-B150-A5B2ABF53727}.Debug|Any CPU.ActiveCfg = Debug|Any CPU
		{0FAED346-260C-4FF4-B150-A5B2ABF53727}.Debug|Any CPU.Build.0 = Debug|Any CPU
		{0FAED346-260C-4FF4-B150-A5B2ABF53727}.Release|Any CPU.ActiveCfg = Release|Any CPU
		{0FAED346-260C-4FF4-B150-A5B2ABF53727}.Release|Any CPU.Build.0 = Release|Any CPU
		{BA4937A3-7EC5-4D98-A18A-E859714ACA13}.Debug|Any CPU.ActiveCfg = Debug|Any CPU
		{BA4937A3-7EC5-4D98-A18A-E859714ACA13}.Debug|Any CPU.Build.0 = Debug|Any CPU
		{BA4937A3-7EC5-4D98-A18A-E859714ACA13}.Release|Any CPU.ActiveCfg = Release|Any CPU
		{BA4937A3-7EC5-4D98-A18A-E859714ACA13}.Release|Any CPU.Build.0 = Release|Any CPU
		{52E56ED6-85B6-436C-8EFC-70AFC4FBC8F2}.Debug|Any CPU.ActiveCfg = Debug|Any CPU
		{52E56ED6-85B6-436C-8EFC-70AFC4FBC8F2}.Debug|Any CPU.Build.0 = Debug|Any CPU
		{52E56ED6-85B6-436C-8EFC-70AFC4FBC8F2}.Release|Any CPU.ActiveCfg = Release|Any CPU
		{52E56ED6-85B6-436C-8EFC-70AFC4FBC8F2}.Release|Any CPU.Build.0 = Release|Any CPU
		{E3C15176-CFAD-4D20-BB22-AEF26FBD2125}.Debug|Any CPU.ActiveCfg = Debug|Any CPU
		{E3C15176-CFAD-4D20-BB22-AEF26FBD2125}.Debug|Any CPU.Build.0 = Debug|Any CPU
		{E3C15176-CFAD-4D20-BB22-AEF26FBD2125}.Release|Any CPU.ActiveCfg = Release|Any CPU
		{E3C15176-CFAD-4D20-BB22-AEF26FBD2125}.Release|Any CPU.Build.0 = Release|Any CPU
		{ECFC8BD1-9982-4F7E-B041-1F5801DCA982}.Debug|Any CPU.ActiveCfg = Debug|Any CPU
		{ECFC8BD1-9982-4F7E-B041-1F5801DCA982}.Debug|Any CPU.Build.0 = Debug|Any CPU
		{ECFC8BD1-9982-4F7E-B041-1F5801DCA982}.Release|Any CPU.ActiveCfg = Release|Any CPU
		{ECFC8BD1-9982-4F7E-B041-1F5801DCA982}.Release|Any CPU.Build.0 = Release|Any CPU
		{DB122AFC-83BE-49F9-8D35-B9376FA8B045}.Debug|Any CPU.ActiveCfg = Debug|Any CPU
		{DB122AFC-83BE-49F9-8D35-B9376FA8B045}.Debug|Any CPU.Build.0 = Debug|Any CPU
		{DB122AFC-83BE-49F9-8D35-B9376FA8B045}.Release|Any CPU.ActiveCfg = Release|Any CPU
		{DB122AFC-83BE-49F9-8D35-B9376FA8B045}.Release|Any CPU.Build.0 = Release|Any CPU
	EndGlobalSection
	GlobalSection(SolutionProperties) = preSolution
		HideSolutionNode = FALSE
	EndGlobalSection
	GlobalSection(NestedProjects) = preSolution
		{D62D5A1F-F005-42D8-9D6C-ADEA950B4A03} = {55661EE8-835A-4807-B787-402E2942E37B}
		{B17C643B-4B1F-449F-B739-F527B5DF5DB8} = {D33A0999-12D1-466B-9D15-DA3186F412EE}
		{0FAED346-260C-4FF4-B150-A5B2ABF53727} = {B4855852-8B45-4529-BC0C-0A83BA8CBC6D}
		{BA4937A3-7EC5-4D98-A18A-E859714ACA13} = {F2F85533-DFD4-44B5-81E1-9039E3726C94}
		{52E56ED6-85B6-436C-8EFC-70AFC4FBC8F2} = {5959C9BA-05E0-40E1-971F-8C55006F8A39}
		{E3C15176-CFAD-4D20-BB22-AEF26FBD2125} = {0B63BCA6-FBBA-442D-95E8-5D22CE7061B3}
		{ECFC8BD1-9982-4F7E-B041-1F5801DCA982} = {D33A0999-12D1-466B-9D15-DA3186F412EE}
		{DB122AFC-83BE-49F9-8D35-B9376FA8B045} = {0B63BCA6-FBBA-442D-95E8-5D22CE7061B3}
	EndGlobalSection
EndGlobal
